lockfileVersion: '9.0'

settings:
  autoInstallPeers: true
  excludeLinksFromLockfile: false

importers:

  .:
    dependencies:
      xmlbuilder2:
        specifier: ^3.1.1
        version: 3.1.1
    devDependencies:
      '@types/node':
        specifier: ^20.14.9
        version: 20.14.9
      typescript:
        specifier: ^5.5.2
        version: 5.5.2

packages:

  '@oozcitak/dom@1.15.10':
    resolution: {integrity: sha512-0JT29/LaxVgRcGKvHmSrUTEvZ8BXvZhGl2LASRUgHqDTC1M5g1pLmVv56IYNyt3bG2CUjDkc67wnyZC14pbQrQ==}
    engines: {node: '>=8.0'}

  '@oozcitak/infra@1.0.8':
    resolution: {integrity: sha512-JRAUc9VR6IGHOL7OGF+yrvs0LO8SlqGnPAMqyzOuFZPSZSXI7Xf2O9+awQPSMXgIWGtgUf/dA6Hs6X6ySEaWTg==}
    engines: {node: '>=6.0'}

  '@oozcitak/url@1.0.4':
    resolution: {integrity: sha512-kDcD8y+y3FCSOvnBI6HJgl00viO/nGbQoCINmQ0h98OhnGITrWR3bOGfwYCthgcrV8AnTJz8MzslTQbC3SOAmw==}
    engines: {node: '>=8.0'}

  '@oozcitak/util@8.3.8':
    resolution: {integrity: sha512-T8TbSnGsxo6TDBJx/Sgv/BlVJL3tshxZP7Aq5R1mSnM5OcHY2dQaxLMu2+E8u3gN0MLOzdjurqN4ZRVuzQycOQ==}
    engines: {node: '>=8.0'}

  '@types/node@20.14.9':
    resolution: {integrity: sha512-06OCtnTXtWOZBJlRApleWndH4JsRVs1pDCc8dLSQp+7PpUpX3ePdHyeNSFTeSe7FtKyQkrlPvHwJOW3SLd8Oyg==}

  argparse@1.0.10:
    resolution: {integrity: sha512-o5Roy6tNG4SL/FOkCAN6RzjiakZS25RLYFrcMttJqbdd8BWrnA+fGz57iN5Pb06pvBGvl5gQ0B48dJlslXvoTg==}

  esprima@4.0.1:
    resolution: {integrity: sha512-eGuFFw7Upda+g4p+QHvnW0RyTX/SVeJBDM/gCtMARO0cLuT2HcEKnTPvhjV6aGeqrCB/sbNop0Kszm0jsaWU4A==}
    engines: {node: '>=4'}
    hasBin: true

  js-yaml@3.14.1:
    resolution: {integrity: sha512-okMH7OXXJ7YrN9Ok3/SXrnu4iX9yOk+25nqX4imS2npuvTYDmo/QEZoqwZkYaIDk3jVvBOTOIEgEhaLOynBS9g==}
    hasBin: true

  sprintf-js@1.0.3:
    resolution: {integrity: sha512-D9cPgkvLlV3t3IzL0D0YLvGA9Ahk4PcvVwUbN0dSGr1aP0Nrt4AEnTUbuGvquEC0mA64Gqt1fzirlRs5ibXx8g==}

  typescript@5.5.2:
    resolution: {integrity: sha512-NcRtPEOsPFFWjobJEtfihkLCZCXZt/os3zf8nTxjVH3RvTSxjrCamJpbExGvYOF+tFHc3pA65qpdwPbzjohhew==}
    engines: {node: '>=14.17'}
    hasBin: true

  undici-types@5.26.5:
    resolution: {integrity: sha512-JlCMO+ehdEIKqlFxk6IfVoAUVmgz7cU7zD/h9XZ0qzeosSHmUJVOzSQvvYSYWXkFXC+IfLKSIffhv0sVZup6pA==}

  xmlbuilder2@3.1.1:
    resolution: {integrity: sha512-WCSfbfZnQDdLQLiMdGUQpMxxckeQ4oZNMNhLVkcekTu7xhD4tuUDyAPoY8CwXvBYE6LwBHd6QW2WZXlOWr1vCw==}
    engines: {node: '>=12.0'}

snapshots:

  '@oozcitak/dom@1.15.10':
    dependencies:
      '@oozcitak/infra': 1.0.8
      '@oozcitak/url': 1.0.4
      '@oozcitak/util': 8.3.8

  '@oozcitak/infra@1.0.8':
    dependencies:
      '@oozcitak/util': 8.3.8

  '@oozcitak/url@1.0.4':
    dependencies:
      '@oozcitak/infra': 1.0.8
      '@oozcitak/util': 8.3.8

  '@oozcitak/util@8.3.8': {}

  '@types/node@20.14.9':
    dependencies:
      undici-types: 5.26.5

  argparse@1.0.10:
    dependencies:
      sprintf-js: 1.0.3

  esprima@4.0.1: {}

  js-yaml@3.14.1:
    dependencies:
      argparse: 1.0.10
      esprima: 4.0.1

  sprintf-js@1.0.3: {}

  typescript@5.5.2: {}

  undici-types@5.26.5: {}

  xmlbuilder2@3.1.1:
    dependencies:
      '@oozcitak/dom': 1.15.10
      '@oozcitak/infra': 1.0.8
      '@oozcitak/util': 8.3.8
      js-yaml: 3.14.1
